
Microsoft Visual Studio Solution File, Format Version 11.00
# Visual Studio 2010
Project("{FAE04EC0-301F-11D3-BF4B-00C04F79EFBC}") = "SteamVR", "SteamVR.csproj", "{bb5c8a34-3568-7044-2f90-7f777885d934}"
EndProject
Project("{FAE04EC0-301F-11D3-BF4B-00C04F79EFBC}") = "SteamVR_Actions", "SteamVR_Actions.csproj", "{64c8c256-4ab9-6122-4209-3d6594d46cde}"
EndProject
Project("{FAE04EC0-301F-11D3-BF4B-00C04F79EFBC}") = "Assembly-CSharp", "Assembly-CSharp.csproj", "{e6bdc332-25e1-2831-82c1-25d0441455a3}"
EndProject
Project("{FAE04EC0-301F-11D3-BF4B-00C04F79EFBC}") = "SteamVR_Input_Editor", "SteamVR_Input_Editor.csproj", "{af89695f-2885-b985-6269-2ebc8fc2ed1a}"
EndProject
Project("{FAE04EC0-301F-11D3-BF4B-00C04F79EFBC}") = "SteamVR_Editor", "SteamVR_Editor.csproj", "{725bf1c9-d279-6af6-48a4-8d86d092f162}"
EndProject
Project("{FAE04EC0-301F-11D3-BF4B-00C04F79EFBC}") = "SteamVR_Windows_EditorHelper", "SteamVR_Windows_EditorHelper.csproj", "{0f5b82ba-fba3-5af3-3f7e-c1b98220e0bf}"
EndProject
Global
	GlobalSection(SolutionConfigurationPlatforms) = preSolution
		Debug|Any CPU = Debug|Any CPU
	EndGlobalSection
	GlobalSection(ProjectConfigurationPlatforms) = postSolution
		{bb5c8a34-3568-7044-2f90-7f777885d934}.Debug|Any CPU.ActiveCfg = Debug|Any CPU
		{bb5c8a34-3568-7044-2f90-7f777885d934}.Debug|Any CPU.Build.0 = Debug|Any CPU
		{64c8c256-4ab9-6122-4209-3d6594d46cde}.Debug|Any CPU.ActiveCfg = Debug|Any CPU
		{64c8c256-4ab9-6122-4209-3d6594d46cde}.Debug|Any CPU.Build.0 = Debug|Any CPU
		{e6bdc332-25e1-2831-82c1-25d0441455a3}.Debug|Any CPU.ActiveCfg = Debug|Any CPU
		{e6bdc332-25e1-2831-82c1-25d0441455a3}.Debug|Any CPU.Build.0 = Debug|Any CPU
		{af89695f-2885-b985-6269-2ebc8fc2ed1a}.Debug|Any CPU.ActiveCfg = Debug|Any CPU
		{af89695f-2885-b985-6269-2ebc8fc2ed1a}.Debug|Any CPU.Build.0 = Debug|Any CPU
		{725bf1c9-d279-6af6-48a4-8d86d092f162}.Debug|Any CPU.ActiveCfg = Debug|Any CPU
		{725bf1c9-d279-6af6-48a4-8d86d092f162}.Debug|Any CPU.Build.0 = Debug|Any CPU
		{0f5b82ba-fba3-5af3-3f7e-c1b98220e0bf}.Debug|Any CPU.ActiveCfg = Debug|Any CPU
		{0f5b82ba-fba3-5af3-3f7e-c1b98220e0bf}.Debug|Any CPU.Build.0 = Debug|Any CPU
	EndGlobalSection
	GlobalSection(SolutionProperties) = preSolution
		HideSolutionNode = FALSE
	EndGlobalSection
EndGlobal
